{
  "version": 2,
  "dependencies": {
    ".NETStandard,Version=v2.1": {
      "Be.Vlaanderen.Basisregisters.EventHandling": {
        "type": "Direct",
        "requested": "[7.0.0, )",
        "resolved": "7.0.0",
        "contentHash": "+KRMy1JBvzh8FF2tPZevMbLAZWkKUHQMyxAR1pBz2DbGiZ91rEjmlRbXnDbIlamZZI4DCcxtgbDMntuhIWCMOg==",
        "dependencies": {
          "Be.Vlaanderen.Basisregisters.Converters.TrimString": "5.0.0",
          "Newtonsoft.Json": "13.0.3",
          "NodaTime.Serialization.JsonNet": "3.2.0"
        }
      },
      "SourceLink.Copy.PdbFiles": {
        "type": "Direct",
        "requested": "[2.8.3, )",
        "resolved": "2.8.3",
        "contentHash": "cxlw1QHd/J7lOtSZ45VZMOsF/YSOlwZy0fCkauo9Ib9vOv+zGzjm9q3D8qGyMII0Zz1GSmli/oxhmUNuYUpc1g=="
      },
      "SourceLink.Embed.AllSourceFiles": {
        "type": "Direct",
        "requested": "[2.8.3, )",
        "resolved": "2.8.3",
        "contentHash": "Hv77AfKNDqSUH6MSGW1ZwKWFJ/CNKOe4FD6lpJGNYdSSQeEEsE2KyPlG1IgzA8+CJG8lDQV2vLS4OljHtHohsw=="
      },
      "SqlStreamStore": {
        "type": "Direct",
        "requested": "[1.2.0, )",
        "resolved": "1.2.0",
        "contentHash": "AlHlvqhwSkC9MbhlUQRMTtgf4d6qk8xs0n1jDiiCM6cJlp8w/aGJxdI5/+dQwXWlN79FFZFc/vunkfheHmX/2g==",
        "dependencies": {
          "Microsoft.CSharp": "4.7.0"
        }
      },
      "Be.Vlaanderen.Basisregisters.Converters.TrimString": {
        "type": "Transitive",
        "resolved": "5.0.0",
        "contentHash": "LVMiWd/VIVKgbcmtiQgYBi/yGMxSEybDrruUTOVEa4hQc0eMMd55a/KyMmaqsT0afMQwgqwO6ld25RagB7sQoA==",
        "dependencies": {
          "Newtonsoft.Json": "13.0.3"
        }
      },
      "NodaTime.Serialization.JsonNet": {
        "type": "Transitive",
        "resolved": "3.2.0",
        "contentHash": "zf4dQoRBaFxJ5Hf1SqVVHCPcMViKMZK/P0YnJUuhB8g58IxNGOkSxsPPX9jFp3fMjGrEER/ehyO+y86ubD4OKw==",
        "dependencies": {
          "Newtonsoft.Json": "13.0.3",
          "NodaTime": "[3.0.0, 4.0.0)"
        }
      },
      "System.Buffers": {
        "type": "Transitive",
        "resolved": "4.5.1",
        "contentHash": "Rw7ijyl1qqRS0YQD/WycNst8hUUMgrMH4FCn1nNm27M4VxchZ1js3fVjQaANHO5f3sN4isvP4a+Met9Y4YomAg=="
      },
      "System.Memory": {
        "type": "Transitive",
        "resolved": "4.5.5",
        "contentHash": "XIWiDvKPXaTveaB7HVganDlOCRoj03l+jrwNvcge/t8vhGYKvqV+dMv6G4SAX2NoNmN0wZfVPTAlFwZcZvVOUw==",
        "dependencies": {
          "System.Buffers": "4.5.1",
          "System.Numerics.Vectors": "4.4.0",
          "System.Runtime.CompilerServices.Unsafe": "4.5.3"
        }
      },
      "System.Numerics.Vectors": {
        "type": "Transitive",
        "resolved": "4.4.0",
        "contentHash": "UiLzLW+Lw6HLed1Hcg+8jSRttrbuXv7DANVj0DkL9g6EnnzbL75EB7EWsw5uRbhxd/4YdG8li5XizGWepmG3PQ=="
      },
      "System.Runtime.CompilerServices.Unsafe": {
        "type": "Transitive",
        "resolved": "6.0.0",
        "contentHash": "/iUeP3tq1S0XdNNoMz5C9twLSrM/TH+qElHkXWaPvuNOt+99G75NrV0OS2EqHx5wMN7popYjpc8oTjC1y16DLg=="
      },
      "be.vlaanderen.basisregisters.aggregatesource": {
        "type": "Project",
        "dependencies": {
          "Be.Vlaanderen.Basisregisters.Utilities.HashCodeCalculator": "[5.0.0, )",
          "Be.Vlaanderen.Basisregisters.Utilities.HexByteConvertor": "[5.0.0, )",
          "Be.Vlaanderen.Basisregisters.Utilities.ToStringBuilder": "[4.0.8, )",
          "Newtonsoft.Json": "[13.0.3, )",
          "NodaTime": "[3.2.2, )",
          "System.Collections.Immutable": "[9.0.0, )"
        }
      },
      "be.vlaanderen.basisregisters.aggregatesource.testing": {
        "type": "Project",
        "dependencies": {
          "Be.Vlaanderen.Basisregisters.AggregateSource": "[1.0.0, )",
          "CompareNETObjects": "[4.83.0, )",
          "Microsoft.CSharp": "[4.7.0, )",
          "Newtonsoft.Json": "[13.0.3, )"
        }
      },
      "Be.Vlaanderen.Basisregisters.Utilities.HashCodeCalculator": {
        "type": "CentralTransitive",
        "requested": "[5.0.0, )",
        "resolved": "5.0.0",
        "contentHash": "zb1i6RL8RkQQNa+gv553tMNe+q/6C41G4nia1p1u13COa4zCMVBmBs2ypFYuw2VTLmwAUhTZJDqGYwGVnC38YA=="
      },
      "Be.Vlaanderen.Basisregisters.Utilities.HexByteConvertor": {
        "type": "CentralTransitive",
        "requested": "[5.0.0, )",
        "resolved": "5.0.0",
        "contentHash": "DI3ETyL4lW+/SQcVAHE1F2fkNLZ5UV8GtVMoPZxX73gTdlfcKHASnsKrxVS/IcQu/5dzwQR70OIpC7kKTQzKcg=="
      },
      "Be.Vlaanderen.Basisregisters.Utilities.ToStringBuilder": {
        "type": "CentralTransitive",
        "requested": "[4.0.8, )",
        "resolved": "4.0.8",
        "contentHash": "jzp8ifH4bBjvhxGe4bBDeDGEXVbiXco7cZX2iKghOTulus30lKk/oj9mOz2gMusQHGEppvXhtHgoJsX3XNYRng=="
      },
      "CompareNETObjects": {
        "type": "CentralTransitive",
        "requested": "[4.83.0, )",
        "resolved": "4.83.0",
        "contentHash": "KNpF1bgvuifzKB5BId3ZHXaBdI/rgJNpq0ZvM2wtdc1Oe8rh4rUUQUnBgHOJQ353eVGNxoXwvlOPuZqg/5cjdg==",
        "dependencies": {
          "Microsoft.CSharp": "4.7.0"
        }
      },
      "Microsoft.CSharp": {
        "type": "CentralTransitive",
        "requested": "[4.7.0, )",
        "resolved": "4.7.0",
        "contentHash": "pTj+D3uJWyN3My70i2Hqo+OXixq3Os2D1nJ2x92FFo6sk8fYS1m1WLNTs0Dc1uPaViH0YvEEwvzddQ7y4rhXmA=="
      },
      "Newtonsoft.Json": {
        "type": "CentralTransitive",
        "requested": "[13.0.3, )",
        "resolved": "13.0.3",
        "contentHash": "HrC5BXdl00IP9zeV+0Z848QWPAoCr9P3bDEZguI+gkLcBKAOxix/tLEAAHC+UvDNPv4a2d18lOReHMOagPa+zQ=="
      },
      "NodaTime": {
        "type": "CentralTransitive",
        "requested": "[3.2.2, )",
        "resolved": "3.2.2",
        "contentHash": "dmju5W0UYC3QP/UJM0juKAZkH0HSDMp0gH91A0+mT9M0kgyM2Jm67hUZPl/WRQLq8Lijjqmdk8kyAViWFWM7dA==",
        "dependencies": {
          "System.Runtime.CompilerServices.Unsafe": "6.0.0"
        }
      },
      "System.Collections.Immutable": {
        "type": "CentralTransitive",
        "requested": "[9.0.0, )",
        "resolved": "9.0.0",
        "contentHash": "QhkXUl2gNrQtvPmtBTQHb0YsUrDiDQ2QS09YbtTTiSjGcf7NBqtYbrG/BE06zcBPCKEwQGzIv13IVdXNOSub2w==",
        "dependencies": {
          "System.Memory": "4.5.5",
          "System.Runtime.CompilerServices.Unsafe": "6.0.0"
        }
      }
    }
  }
}