{
  "version": 2,
  "dependencies": {
    ".NETStandard,Version=v2.1": {
      "Autofac.Extensions.DependencyInjection": {
        "type": "Direct",
        "requested": "[11.0.0, )",
        "resolved": "11.0.0",
        "contentHash": "/FSrJyYEsptkV9O3L95dTAoGO6XGSQFDENWHFcHxW0oQIEvW56Mgr01qO53EIEIDDvMFqszBU+uIm9fzGARLPQ==",
        "dependencies": {
          "Autofac": "9.1.0",
          "Microsoft.Extensions.DependencyInjection.Abstractions": "10.0.4"
        }
      },
      "SourceLink.Copy.PdbFiles": {
        "type": "Direct",
        "requested": "[2.8.3, )",
        "resolved": "2.8.3",
        "contentHash": "cxlw1QHd/J7lOtSZ45VZMOsF/YSOlwZy0fCkauo9Ib9vOv+zGzjm9q3D8qGyMII0Zz1GSmli/oxhmUNuYUpc1g=="
      },
      "SourceLink.Embed.AllSourceFiles": {
        "type": "Direct",
        "requested": "[2.8.3, )",
        "resolved": "2.8.3",
        "contentHash": "Hv77AfKNDqSUH6MSGW1ZwKWFJ/CNKOe4FD6lpJGNYdSSQeEEsE2KyPlG1IgzA8+CJG8lDQV2vLS4OljHtHohsw=="
      },
      "SqlStreamStore": {
        "type": "Direct",
        "requested": "[1.2.0, )",
        "resolved": "1.2.0",
        "contentHash": "AlHlvqhwSkC9MbhlUQRMTtgf4d6qk8xs0n1jDiiCM6cJlp8w/aGJxdI5/+dQwXWlN79FFZFc/vunkfheHmX/2g==",
        "dependencies": {
          "Microsoft.CSharp": "4.7.0"
        }
      },
      "SqlStreamStore.MsSql": {
        "type": "Direct",
        "requested": "[1.2.0, )",
        "resolved": "1.2.0",
        "contentHash": "6k+nrAlZ2ZYS8ov7oUkbQ7/RIwlMyUuBaoOzSuyQVKfcTKq8SA/JB4Z8fSOUbjf0j5FHo74ycQGNhVrvCj2K5Q==",
        "dependencies": {
          "Microsoft.Data.SqlClient": "1.1.0",
          "SqlStreamStore": "1.2.0"
        }
      },
      "Autofac": {
        "type": "Transitive",
        "resolved": "9.1.0",
        "contentHash": "onT/BcnnfWcQNXiuC7R/0h8ALQzRdsAI20gpB7nfrudXpFMXdVZKz1umdtHXDwjc/bmWEsrCBAxck3+Arnk15g==",
        "dependencies": {
          "System.Diagnostics.DiagnosticSource": "10.0.0"
        }
      },
      "Be.Vlaanderen.Basisregisters.Converters.TrimString": {
        "type": "Transitive",
        "resolved": "5.1.0",
        "contentHash": "wqxONDr0cPep5v+bS+Is8Xl7BzDxZ2mvm0CfWSN+dC7adndzieFepWIfyGyVrSpIfrvCvMx7YPbRQtT1xhHnMQ==",
        "dependencies": {
          "Newtonsoft.Json": "13.0.4"
        }
      },
      "Microsoft.Bcl.AsyncInterfaces": {
        "type": "Transitive",
        "resolved": "10.0.3",
        "contentHash": "TV62UsrJZPX6gbt3c4WrtXh7bmaDIcMqf9uft1cc4L6gJXOU07hDGEh+bFQh/L2Az0R1WVOkiT66lFqS6G2NmA=="
      },
      "Microsoft.Bcl.Cryptography": {
        "type": "Transitive",
        "resolved": "8.0.0",
        "contentHash": "Y3t/c7C5XHJGFDnohjf1/9SYF3ZOfEU1fkNQuKg/dGf9hN18yrQj2owHITGfNS3+lKJdW6J4vY98jYu57jCO8A==",
        "dependencies": {
          "System.Memory": "4.5.5"
        }
      },
      "Microsoft.Bcl.TimeProvider": {
        "type": "Transitive",
        "resolved": "8.0.1",
        "contentHash": "C7kWHJnMRY7EvJev2S8+yJHZ1y7A4ZlLbA4NE+O23BDIAN5mHeqND1m+SKv1ChRS5YlCDW7yAMUe7lttRsJaAA==",
        "dependencies": {
          "Microsoft.Bcl.AsyncInterfaces": "8.0.0"
        }
      },
      "Microsoft.Data.SqlClient.Extensions.Abstractions": {
        "type": "Transitive",
        "resolved": "7.0.2",
        "contentHash": "Zx7z61fG2Nc6LdDn4jA7b5Aj1ABrljkOPRE31RvVUdjF6IgbG60leDUhMCafsnWFgaheiK3iqpLe+kbf5Z5L8Q==",
        "dependencies": {
          "Microsoft.Data.SqlClient.Internal.Logging": "[7.0.2, 8.0.0)"
        }
      },
      "Microsoft.Data.SqlClient.Internal.Logging": {
        "type": "Transitive",
        "resolved": "7.0.2",
        "contentHash": "iqgYBbGSVy/DIYWjzmQOa964Kn4rs4wW5vg2IamqVK0fQqfTiILVR5hMK27XWqoyONtAZs+VxH354cPJBtSnbg=="
      },
      "Microsoft.Data.SqlClient.SNI.runtime": {
        "type": "Transitive",
        "resolved": "6.0.2",
        "contentHash": "f+pRODTWX7Y67jXO3T5S2dIPZ9qMJNySjlZT/TKmWVNWe19N8jcWmHaqHnnchaq3gxEKv1SWVY5EFzOD06l41w=="
      },
      "Microsoft.Extensions.Caching.Abstractions": {
        "type": "Transitive",
        "resolved": "8.0.0",
        "contentHash": "3KuSxeHoNYdxVYfg2IRZCThcrlJ1XJqIXkAWikCsbm5C/bCjv7G0WoKDyuR98Q+T607QT2Zl5GsbGRkENcV2yQ==",
        "dependencies": {
          "Microsoft.Extensions.Primitives": "8.0.0"
        }
      },
      "Microsoft.Extensions.Caching.Memory": {
        "type": "Transitive",
        "resolved": "8.0.1",
        "contentHash": "HFDnhYLccngrzyGgHkjEDU5FMLn4MpOsr5ElgsBMC4yx6lJh4jeWO7fHS8+TXPq+dgxCmUa/Trl8svObmwW4QA==",
        "dependencies": {
          "Microsoft.Extensions.Caching.Abstractions": "8.0.0",
          "Microsoft.Extensions.DependencyInjection.Abstractions": "8.0.2",
          "Microsoft.Extensions.Logging.Abstractions": "8.0.2",
          "Microsoft.Extensions.Options": "8.0.2",
          "Microsoft.Extensions.Primitives": "8.0.0"
        }
      },
      "Microsoft.Extensions.DependencyInjection.Abstractions": {
        "type": "Transitive",
        "resolved": "10.0.4",
        "contentHash": "SIe9zlVQJecnk/DTmevIcl6+aEDYhoVLc2eG2AKwVeNEC8CSyxHAbh4lf0xtHq9JUum0vVTEByGNTK+b6oihTQ=="
      },
      "Microsoft.Extensions.Logging.Abstractions": {
        "type": "Transitive",
        "resolved": "8.0.2",
        "contentHash": "nroMDjS7hNBPtkZqVBbSiQaQjWRDxITI8Y7XnDs97rqG3EbzVTNLZQf7bIeUJcaHOV8bca47s1Uxq94+2oGdxA==",
        "dependencies": {
          "Microsoft.Extensions.DependencyInjection.Abstractions": "8.0.2",
          "System.Buffers": "4.5.1",
          "System.Diagnostics.DiagnosticSource": "8.0.1",
          "System.Memory": "4.5.5"
        }
      },
      "Microsoft.Extensions.Options": {
        "type": "Transitive",
        "resolved": "8.0.2",
        "contentHash": "dWGKvhFybsaZpGmzkGCbNNwBD1rVlWzrZKANLW/CcbFJpCEceMCGzT7zZwHOGBCbwM0SzBuceMj5HN1LKV1QqA==",
        "dependencies": {
          "Microsoft.Extensions.DependencyInjection.Abstractions": "8.0.0",
          "Microsoft.Extensions.Primitives": "8.0.0",
          "System.ComponentModel.Annotations": "5.0.0"
        }
      },
      "Microsoft.Extensions.Primitives": {
        "type": "Transitive",
        "resolved": "8.0.0",
        "contentHash": "bXJEZrW9ny8vjMF1JV253WeLhpEVzFo1lyaZu1vQ4ZxWUlVvknZ/+ftFgVheLubb4eZPSwwxBeqS1JkCOjxd8g==",
        "dependencies": {
          "System.Memory": "4.5.5",
          "System.Runtime.CompilerServices.Unsafe": "6.0.0"
        }
      },
      "Microsoft.IdentityModel.Abstractions": {
        "type": "Transitive",
        "resolved": "8.16.0",
        "contentHash": "gSxKLWRZzBpIsEoeUPkxfywNCCvRvl7hkq146XHPk5vOQc9izSf1I+uL1vh4y2U19QPxd9Z8K/8AdWyxYz2lSg=="
      },
      "Microsoft.IdentityModel.JsonWebTokens": {
        "type": "Transitive",
        "resolved": "8.16.0",
        "contentHash": "prBU72cIP4V8E9fhN+o/YdskTsLeIcnKPbhZf0X6mD7fdxoZqnS/NdEkSr+9Zp+2q7OZBOMfNBKGbTbhXODO4w==",
        "dependencies": {
          "Microsoft.Bcl.TimeProvider": "8.0.1",
          "Microsoft.IdentityModel.Tokens": "8.16.0"
        }
      },
      "Microsoft.IdentityModel.Logging": {
        "type": "Transitive",
        "resolved": "8.16.0",
        "contentHash": "MTzXmETkNQPACR7/XCXM1OGM6oU9RkyibqeJRtO9Ndew2LnGjMf9Atqj2VSf4XC27X0FQycUAlzxxEgQMWn2xQ==",
        "dependencies": {
          "Microsoft.IdentityModel.Abstractions": "8.16.0"
        }
      },
      "Microsoft.IdentityModel.Protocols": {
        "type": "Transitive",
        "resolved": "8.16.0",
        "contentHash": "UFrU7d46UTsPQTa2HIEIpB9H1uJe1BW9FLw5uhEJ2ZuKdur8bcUA/bO5caq5dlBt5gNJeRIB3QQXYNs5fCQCZA==",
        "dependencies": {
          "Microsoft.IdentityModel.Tokens": "8.16.0"
        }
      },
      "Microsoft.IdentityModel.Protocols.OpenIdConnect": {
        "type": "Transitive",
        "resolved": "8.16.0",
        "contentHash": "h4yVXyJsEBBX5lg2G5ftMsi5JzcNEGAzrNphA6DQ6eOd8P0s+cDCOyPwVTYLePZvJL5unbPvYIvzrbTXzFjXnQ==",
        "dependencies": {
          "Microsoft.IdentityModel.Protocols": "8.16.0",
          "System.IdentityModel.Tokens.Jwt": "8.16.0",
          "System.Text.Json": "8.0.5"
        }
      },
      "Microsoft.IdentityModel.Tokens": {
        "type": "Transitive",
        "resolved": "8.16.0",
        "contentHash": "rtViGJcGsN7WcfUNErwNeQgjuU5cJNl6FDQsfi9TncwO+Epzn0FTfBsg3YuFW1Q0Ch/KPxaVdjLw3/+5Z5ceFQ==",
        "dependencies": {
          "Microsoft.Bcl.TimeProvider": "8.0.1",
          "Microsoft.CSharp": "4.5.0",
          "Microsoft.Extensions.Logging.Abstractions": "2.1.0",
          "Microsoft.IdentityModel.Logging": "8.16.0",
          "System.Diagnostics.DiagnosticSource": "6.0.2",
          "System.Security.Cryptography.Cng": "4.5.0",
          "System.Text.Json": "8.0.5"
        }
      },
      "Microsoft.SqlServer.Server": {
        "type": "Transitive",
        "resolved": "1.0.0",
        "contentHash": "N4KeF3cpcm1PUHym1RmakkzfkEv3GRMyofVv40uXsQhCQeglr2OHNcUk2WOG51AKpGO8ynGpo9M/kFXSzghwug=="
      },
      "NodaTime.Serialization.JsonNet": {
        "type": "Transitive",
        "resolved": "3.2.1",
        "contentHash": "/8eeaH/LNIcpIEiBTg/0M/hwsMis0cKVWPyLYnQhXrH2k+9zNrnsOin9Vym6OclSGGndOnNNa6EHUln4S70HKg==",
        "dependencies": {
          "Newtonsoft.Json": "13.0.3",
          "NodaTime": "[3.0.0, 4.0.0)"
        }
      },
      "System.Buffers": {
        "type": "Transitive",
        "resolved": "4.6.1",
        "contentHash": "N8GXpmiLMtljq7gwvyS+1QvKT/W2J8sNAvx+HVg4NGmsG/H+2k/y9QI23auLJRterrzCiDH+IWAw4V/GPwsMlw=="
      },
      "System.ComponentModel.Annotations": {
        "type": "Transitive",
        "resolved": "5.0.0",
        "contentHash": "dMkqfy2el8A8/I76n2Hi1oBFEbG1SfxD2l5nhwXV3XjlnOmwxJlQbYpJH4W51odnU9sARCSAgv7S3CyAFMkpYg=="
      },
      "System.Configuration.ConfigurationManager": {
        "type": "Transitive",
        "resolved": "8.0.1",
        "contentHash": "gPYFPDyohW2gXNhdQRSjtmeS6FymL2crg4Sral1wtvEJ7DUqFCDWDVbbLobASbzxfic8U1hQEdC7hmg9LHncMw==",
        "dependencies": {
          "System.Security.Cryptography.ProtectedData": "8.0.0"
        }
      },
      "System.Diagnostics.DiagnosticSource": {
        "type": "Transitive",
        "resolved": "10.0.0",
        "contentHash": "0KdBK+h7G13PuOSC2R/DalAoFMvdYMznvGRuICtkdcUMXgl/gYXsG6z4yUvTxHSMACorWgHCU1Faq0KUHU6yAQ==",
        "dependencies": {
          "System.Memory": "4.6.3",
          "System.Runtime.CompilerServices.Unsafe": "6.1.2"
        }
      },
      "System.Formats.Asn1": {
        "type": "Transitive",
        "resolved": "8.0.1",
        "contentHash": "XqKba7Mm/koKSjKMfW82olQdmfbI5yqeoLV/tidRp7fbh5rmHAQ5raDI/7SU0swTzv+jgqtUGkzmFxuUg0it1A==",
        "dependencies": {
          "System.Buffers": "4.5.1",
          "System.Memory": "4.5.5"
        }
      },
      "System.IdentityModel.Tokens.Jwt": {
        "type": "Transitive",
        "resolved": "8.16.0",
        "contentHash": "rrs2u7DRMXQG2yh0oVyF/vLwosfRv20Ld2iEpYcKwQWXHjfV+gFXNQsQ9p008kR9Ou4pxBs68Q6/9zC8Gi1wjg==",
        "dependencies": {
          "Microsoft.IdentityModel.JsonWebTokens": "8.16.0",
          "Microsoft.IdentityModel.Tokens": "8.16.0"
        }
      },
      "System.IO.Pipelines": {
        "type": "Transitive",
        "resolved": "10.0.3",
        "contentHash": "WMxiA2jGdHnRBmoVK55YUq5VPaxW0Sg2frPtXV+urUMvpqHIga6lleV/YuryHIuGsAKVjQAjv6PrQ6IJpoLohQ==",
        "dependencies": {
          "System.Buffers": "4.6.1",
          "System.Memory": "4.6.3",
          "System.Threading.Tasks.Extensions": "4.6.3"
        }
      },
      "System.Memory": {
        "type": "Transitive",
        "resolved": "4.6.3",
        "contentHash": "qdcDOgnFZY40+Q9876JUHnlHu7bosOHX8XISRoH94fwk6hgaeQGSgfZd8srWRZNt5bV9ZW2TljcegDNxsf+96A=="
      },
      "System.Runtime.CompilerServices.Unsafe": {
        "type": "Transitive",
        "resolved": "6.1.2",
        "contentHash": "2hBr6zdbIBTDE3EhK7NSVNdX58uTK6iHW/P/Axmm9sl1xoGSLqDvMtpecn226TNwHByFokYwJmt/aQQNlO5CRw=="
      },
      "System.Security.Cryptography.Cng": {
        "type": "Transitive",
        "resolved": "5.0.0",
        "contentHash": "jIMXsKn94T9JY7PvPq/tMfqa6GAaHpElRDpmG+SuL+D3+sTw2M8VhnibKnN8Tq+4JqbPJ/f+BwtLeDMEnzAvRg=="
      },
      "System.Security.Cryptography.Pkcs": {
        "type": "Transitive",
        "resolved": "8.0.1",
        "contentHash": "CoCRHFym33aUSf/NtWSVSZa99dkd0Hm7OCZUxORBjRB16LNhIEOf8THPqzIYlvKM0nNDAPTRBa1FxEECrgaxxA==",
        "dependencies": {
          "System.Formats.Asn1": "8.0.1",
          "System.Security.Cryptography.Cng": "5.0.0"
        }
      },
      "System.Security.Cryptography.ProtectedData": {
        "type": "Transitive",
        "resolved": "8.0.0",
        "contentHash": "+TUFINV2q2ifyXauQXRwy4CiBhqvDEDZeVJU7qfxya4aRYOKzVBpN+4acx25VcPB9ywUN6C0n8drWl110PhZEg==",
        "dependencies": {
          "System.Memory": "4.5.5"
        }
      },
      "System.Text.Encodings.Web": {
        "type": "Transitive",
        "resolved": "10.0.3",
        "contentHash": "l8QNBPp92bVzl9Kw8nNtm1uYRNNhUrdulZjM4a8YK/QGNa8z9utKsC0bDoPB+Vq8LOlbD3fIyGlabtz80jT7cw==",
        "dependencies": {
          "System.Buffers": "4.6.1",
          "System.Memory": "4.6.3",
          "System.Runtime.CompilerServices.Unsafe": "6.1.2"
        }
      },
      "System.Text.Json": {
        "type": "Transitive",
        "resolved": "10.0.3",
        "contentHash": "NTUt9DL+maqbgrIYCAmeZUbX0NoXaueySyjW/bdOlFdSUDC1l51XnsbVEuj5tuad12vdq5Sviskp9uMVGgCNLw==",
        "dependencies": {
          "Microsoft.Bcl.AsyncInterfaces": "10.0.3",
          "System.Buffers": "4.6.1",
          "System.IO.Pipelines": "10.0.3",
          "System.Memory": "4.6.3",
          "System.Runtime.CompilerServices.Unsafe": "6.1.2",
          "System.Text.Encodings.Web": "10.0.3",
          "System.Threading.Tasks.Extensions": "4.6.3"
        }
      },
      "System.Threading.Channels": {
        "type": "Transitive",
        "resolved": "10.0.3",
        "contentHash": "TzGdz9PrkZLYqOM+CC4JEjTE7dVsHm6dVWh+B9uBEBwXbZ/RKLrpvQLhGIdvDjrm5dCwff5zR4GgPx/tRt0t+g=="
      },
      "System.Threading.Tasks.Extensions": {
        "type": "Transitive",
        "resolved": "4.6.3",
        "contentHash": "7sCiwilJLYbTZELaKnc7RecBBXWXA+xMLQWZKWawBxYjp6DBlSE3v9/UcvKBvr1vv2tTOhipiogM8rRmxlhrVA=="
      },
      "be.vlaanderen.basisregisters.aggregatesource": {
        "type": "Project",
        "dependencies": {
          "Be.Vlaanderen.Basisregisters.Utilities.HashCodeCalculator": "[5.1.0, )",
          "Be.Vlaanderen.Basisregisters.Utilities.HexByteConvertor": "[5.1.0, )",
          "Be.Vlaanderen.Basisregisters.Utilities.ToStringBuilder": "[4.1.0, )",
          "Newtonsoft.Json": "[13.0.4, )",
          "NodaTime": "[3.3.2, )",
          "System.Collections.Immutable": "[10.0.8, )"
        }
      },
      "be.vlaanderen.basisregisters.aggregatesource.sqlstreamstore": {
        "type": "Project",
        "dependencies": {
          "Be.Vlaanderen.Basisregisters.AggregateSource": "[1.0.0, )",
          "Be.Vlaanderen.Basisregisters.EventHandling": "[7.1.0, )",
          "Microsoft.Data.SqlClient": "[7.0.2, )",
          "SqlStreamStore": "[1.2.0, )"
        }
      },
      "Be.Vlaanderen.Basisregisters.EventHandling": {
        "type": "CentralTransitive",
        "requested": "[7.1.0, )",
        "resolved": "7.1.0",
        "contentHash": "iSvBdLox7XZQCtMScU8kF227nOTxDZkStKApIsoKPYMu/VWBcKJ0828y9MbmZ9x2eUAYbxSpPwoGEiCX9i4M9A==",
        "dependencies": {
          "Be.Vlaanderen.Basisregisters.Converters.TrimString": "5.1.0",
          "Newtonsoft.Json": "13.0.4",
          "NodaTime.Serialization.JsonNet": "3.2.1"
        }
      },
      "Be.Vlaanderen.Basisregisters.Utilities.HashCodeCalculator": {
        "type": "CentralTransitive",
        "requested": "[5.1.0, )",
        "resolved": "5.1.0",
        "contentHash": "Ty+Cepnjy0L96peVFpi8nJWhF2qnDpVreNzTjTVmLiTSlCIsTKRnAQYNo8fqPa2ASu4F5E2lsMO421zek5pNmg=="
      },
      "Be.Vlaanderen.Basisregisters.Utilities.HexByteConvertor": {
        "type": "CentralTransitive",
        "requested": "[5.1.0, )",
        "resolved": "5.1.0",
        "contentHash": "ASn875qbPXLUt0oJ368bl2JWbX9gXf7KwBxdQKlv78GQAbcusQonOlcAj8u9JZPUI73QoX8WwU0lh+aI9VZvxw=="
      },
      "Be.Vlaanderen.Basisregisters.Utilities.ToStringBuilder": {
        "type": "CentralTransitive",
        "requested": "[4.1.0, )",
        "resolved": "4.1.0",
        "contentHash": "3XxDslyPVdZ43RCahDBM+K7xaCgvfbh2CYsgCm/vF6D5zAyBpJUnePl8M2Ebw/Xtiv7kzM9V2b8nmO+Ac9twxQ=="
      },
      "Microsoft.CSharp": {
        "type": "CentralTransitive",
        "requested": "[4.7.0, )",
        "resolved": "4.7.0",
        "contentHash": "pTj+D3uJWyN3My70i2Hqo+OXixq3Os2D1nJ2x92FFo6sk8fYS1m1WLNTs0Dc1uPaViH0YvEEwvzddQ7y4rhXmA=="
      },
      "Microsoft.Data.SqlClient": {
        "type": "CentralTransitive",
        "requested": "[7.0.2, )",
        "resolved": "7.0.2",
        "contentHash": "zwv76lANFQQI6Gmp6ntkzMWIWVqm8Wf4Mz00AeGCk1n8HCi5afi6bNynSe18uI0xeL0n6J+Myjk9AiIsL5oSqw==",
        "dependencies": {
          "Microsoft.Bcl.Cryptography": "8.0.0",
          "Microsoft.Data.SqlClient.Extensions.Abstractions": "[7.0.2, 8.0.0)",
          "Microsoft.Data.SqlClient.Internal.Logging": "[7.0.2, 8.0.0)",
          "Microsoft.Data.SqlClient.SNI.runtime": "[6.0.2, 7.0.0)",
          "Microsoft.Extensions.Caching.Memory": "8.0.1",
          "Microsoft.IdentityModel.JsonWebTokens": "8.16.0",
          "Microsoft.IdentityModel.Protocols.OpenIdConnect": "8.16.0",
          "Microsoft.SqlServer.Server": "[1.0.0, 2.0.0)",
          "System.Configuration.ConfigurationManager": "8.0.1",
          "System.Security.Cryptography.Pkcs": "8.0.1",
          "System.Text.Json": "10.0.3",
          "System.Threading.Channels": "10.0.3"
        }
      },
      "Newtonsoft.Json": {
        "type": "CentralTransitive",
        "requested": "[13.0.4, )",
        "resolved": "13.0.4",
        "contentHash": "pdgNNMai3zv51W5aq268sujXUyx7SNdE2bj1wZcWjAQrKMFZV260lbqYop1d2GM67JI1huLRwxo9ZqnfF/lC6A=="
      },
      "NodaTime": {
        "type": "CentralTransitive",
        "requested": "[3.3.2, )",
        "resolved": "3.3.2",
        "contentHash": "8hI5b1ENTKQCaPyU6YHpYiMwj5aJKZ4Mnv0bLbhk65Dd44gQsXenUohMzyiIphANa8LdW6vcOvpY/l1urvx4dw==",
        "dependencies": {
          "System.Runtime.CompilerServices.Unsafe": "6.1.2"
        }
      },
      "System.Collections.Immutable": {
        "type": "CentralTransitive",
        "requested": "[10.0.8, )",
        "resolved": "10.0.8",
        "contentHash": "rvMGYko6bcE/ZTpj1Q/EM22rcZNiQyjH+71capjjfmqG+DDncVE4kSaE5ysCv2vEFIHt8+zALWYXgIETFvcFzw==",
        "dependencies": {
          "System.Memory": "4.6.3",
          "System.Runtime.CompilerServices.Unsafe": "6.1.2"
        }
      }
    }
  }
}