{
  "version": 2,
  "dependencies": {
    "net10.0": {
      "Be.Vlaanderen.Basisregisters.Converters.Timestamp": {
        "type": "Direct",
        "requested": "[4.1.0, )",
        "resolved": "4.1.0",
        "contentHash": "7pIyXl5ZJNEEGXB2MzeN0BAwlva4AOEqaCPv7kQybIMwUD8KQFKLPYQPFct162GmpjIbHh8bv1dfTxM3Vy2m3Q==",
        "dependencies": {
          "Newtonsoft.Json": "13.0.4"
        }
      },
      "Be.Vlaanderen.Basisregisters.Utilities.HexByteConvertor": {
        "type": "Direct",
        "requested": "[5.1.0, )",
        "resolved": "5.1.0",
        "contentHash": "ASn875qbPXLUt0oJ368bl2JWbX9gXf7KwBxdQKlv78GQAbcusQonOlcAj8u9JZPUI73QoX8WwU0lh+aI9VZvxw=="
      },
      "Microsoft.Data.SqlClient": {
        "type": "Direct",
        "requested": "[7.0.1, )",
        "resolved": "7.0.1",
        "contentHash": "9jZFXAJ2ThNYK7lhj2RhH7klXVNaWSvZpQncq3bPIOjmHBrdjwgeO4c8wucUVxQwFT8rAA13Z2F2jzoYR7ICDw==",
        "dependencies": {
          "Microsoft.Bcl.Cryptography": "9.0.13",
          "Microsoft.Data.SqlClient.Extensions.Abstractions": "1.0.0",
          "Microsoft.Data.SqlClient.Internal.Logging": "1.0.0",
          "Microsoft.Data.SqlClient.SNI.runtime": "6.0.2",
          "Microsoft.IdentityModel.JsonWebTokens": "8.16.0",
          "Microsoft.IdentityModel.Protocols.OpenIdConnect": "8.16.0",
          "Microsoft.SqlServer.Server": "1.0.0",
          "System.Configuration.ConfigurationManager": "9.0.13",
          "System.Security.Cryptography.Pkcs": "9.0.13"
        }
      },
      "Microsoft.EntityFrameworkCore.SqlServer": {
        "type": "Direct",
        "requested": "[10.0.8, )",
        "resolved": "10.0.8",
        "contentHash": "A+FLIsTH9l5DG2iD6QW6Mfwlvr+BjWme/jJ2hvwmmENTr7lR1UWmgCtKCjDYcHxqdAD15bb4PgQnSzw12DV/pw==",
        "dependencies": {
          "Microsoft.Data.SqlClient": "6.1.1",
          "Microsoft.EntityFrameworkCore.Relational": "10.0.8"
        }
      },
      "Microsoft.Extensions.Configuration": {
        "type": "Direct",
        "requested": "[10.0.8, )",
        "resolved": "10.0.8",
        "contentHash": "ehZcoPbjzWzS4XFvuz7R3V55SmpdkyMqFURLH3yXaN9NtXd9tR6CGB7pd49HYtCkenl+G7ctXSFLhNI08xLfRg=="
      },
      "Microsoft.Extensions.Options.ConfigurationExtensions": {
        "type": "Direct",
        "requested": "[10.0.8, )",
        "resolved": "10.0.8",
        "contentHash": "VOapXeO3lhBH0zYoyAH7tjapuo4V5pTHlevPpiSHueEquAajqd5nF0mttm+h/uE/exwAEuM5s26SzOJtletE3w=="
      },
      "Newtonsoft.Json": {
        "type": "Direct",
        "requested": "[13.0.4, )",
        "resolved": "13.0.4",
        "contentHash": "pdgNNMai3zv51W5aq268sujXUyx7SNdE2bj1wZcWjAQrKMFZV260lbqYop1d2GM67JI1huLRwxo9ZqnfF/lC6A=="
      },
      "SourceLink.Copy.PdbFiles": {
        "type": "Direct",
        "requested": "[2.8.3, )",
        "resolved": "2.8.3",
        "contentHash": "cxlw1QHd/J7lOtSZ45VZMOsF/YSOlwZy0fCkauo9Ib9vOv+zGzjm9q3D8qGyMII0Zz1GSmli/oxhmUNuYUpc1g=="
      },
      "SourceLink.Embed.AllSourceFiles": {
        "type": "Direct",
        "requested": "[2.8.3, )",
        "resolved": "2.8.3",
        "contentHash": "Hv77AfKNDqSUH6MSGW1ZwKWFJ/CNKOe4FD6lpJGNYdSSQeEEsE2KyPlG1IgzA8+CJG8lDQV2vLS4OljHtHohsw=="
      },
      "Microsoft.Bcl.Cryptography": {
        "type": "Transitive",
        "resolved": "9.0.13",
        "contentHash": "5T+bH3Lb1nEe8Hf/ixMxLmhlrx5wRi53wv7OhVwG2F1ZviW1ejFRS1NHur3uqPpJRGtkQwUchtY6zhVK2R+v+w=="
      },
      "Microsoft.Data.SqlClient.Extensions.Abstractions": {
        "type": "Transitive",
        "resolved": "1.0.0",
        "contentHash": "rlnxc0KfwDSbE8ZHntFnl8SCgOa9QtJZblMv2zXLhRwl1Je7fsdsVzxSjzzC4JMsfAK+jXJWyezRB8SxUY4BdA==",
        "dependencies": {
          "Microsoft.Data.SqlClient.Internal.Logging": "1.0.0"
        }
      },
      "Microsoft.Data.SqlClient.Internal.Logging": {
        "type": "Transitive",
        "resolved": "1.0.0",
        "contentHash": "Kue/7CF8KNT9zozfr30C94dMZVZml3atqWZvQemSXvTau76tRdypzeKiBKXadqgbOME0UiQIyVTNo5WxCRNVNg=="
      },
      "Microsoft.Data.SqlClient.SNI.runtime": {
        "type": "Transitive",
        "resolved": "6.0.2",
        "contentHash": "f+pRODTWX7Y67jXO3T5S2dIPZ9qMJNySjlZT/TKmWVNWe19N8jcWmHaqHnnchaq3gxEKv1SWVY5EFzOD06l41w=="
      },
      "Microsoft.EntityFrameworkCore.Abstractions": {
        "type": "Transitive",
        "resolved": "10.0.8",
        "contentHash": "jbKDXWPZQhuPHygMnwzNOqxBADVcpRVytcKYZsA++QqhPkpF93Ta8o5mbJQGrARSjlkr9WtOaADV97EDMOZ7DA=="
      },
      "Microsoft.EntityFrameworkCore.Analyzers": {
        "type": "Transitive",
        "resolved": "10.0.8",
        "contentHash": "M3BZ8JH8rB6BE7dO2g9iVbrHLnEz9wMXT6q+tDR6Nq3gyP3KmBj5OTiZGxyF3vesjOQNKanYoPGSNBR4kR2llg=="
      },
      "Microsoft.EntityFrameworkCore.Relational": {
        "type": "Transitive",
        "resolved": "10.0.8",
        "contentHash": "UU3diAD2wwZveye2rnrwaF/wvJ9tm5iL2fuY9TTap6/iGQK1OO29M1BzXZRlRPVH/dByt5w/pISBSFtyR7hTqw==",
        "dependencies": {
          "Microsoft.EntityFrameworkCore": "10.0.8"
        }
      },
      "Microsoft.IdentityModel.Abstractions": {
        "type": "Transitive",
        "resolved": "8.16.0",
        "contentHash": "gSxKLWRZzBpIsEoeUPkxfywNCCvRvl7hkq146XHPk5vOQc9izSf1I+uL1vh4y2U19QPxd9Z8K/8AdWyxYz2lSg=="
      },
      "Microsoft.IdentityModel.JsonWebTokens": {
        "type": "Transitive",
        "resolved": "8.16.0",
        "contentHash": "prBU72cIP4V8E9fhN+o/YdskTsLeIcnKPbhZf0X6mD7fdxoZqnS/NdEkSr+9Zp+2q7OZBOMfNBKGbTbhXODO4w==",
        "dependencies": {
          "Microsoft.IdentityModel.Tokens": "8.16.0"
        }
      },
      "Microsoft.IdentityModel.Logging": {
        "type": "Transitive",
        "resolved": "8.16.0",
        "contentHash": "MTzXmETkNQPACR7/XCXM1OGM6oU9RkyibqeJRtO9Ndew2LnGjMf9Atqj2VSf4XC27X0FQycUAlzxxEgQMWn2xQ==",
        "dependencies": {
          "Microsoft.IdentityModel.Abstractions": "8.16.0"
        }
      },
      "Microsoft.IdentityModel.Protocols": {
        "type": "Transitive",
        "resolved": "8.16.0",
        "contentHash": "UFrU7d46UTsPQTa2HIEIpB9H1uJe1BW9FLw5uhEJ2ZuKdur8bcUA/bO5caq5dlBt5gNJeRIB3QQXYNs5fCQCZA==",
        "dependencies": {
          "Microsoft.IdentityModel.Tokens": "8.16.0"
        }
      },
      "Microsoft.IdentityModel.Protocols.OpenIdConnect": {
        "type": "Transitive",
        "resolved": "8.16.0",
        "contentHash": "h4yVXyJsEBBX5lg2G5ftMsi5JzcNEGAzrNphA6DQ6eOd8P0s+cDCOyPwVTYLePZvJL5unbPvYIvzrbTXzFjXnQ==",
        "dependencies": {
          "Microsoft.IdentityModel.Protocols": "8.16.0",
          "System.IdentityModel.Tokens.Jwt": "8.16.0"
        }
      },
      "Microsoft.IdentityModel.Tokens": {
        "type": "Transitive",
        "resolved": "8.16.0",
        "contentHash": "rtViGJcGsN7WcfUNErwNeQgjuU5cJNl6FDQsfi9TncwO+Epzn0FTfBsg3YuFW1Q0Ch/KPxaVdjLw3/+5Z5ceFQ==",
        "dependencies": {
          "Microsoft.IdentityModel.Logging": "8.16.0"
        }
      },
      "Microsoft.SqlServer.Server": {
        "type": "Transitive",
        "resolved": "1.0.0",
        "contentHash": "N4KeF3cpcm1PUHym1RmakkzfkEv3GRMyofVv40uXsQhCQeglr2OHNcUk2WOG51AKpGO8ynGpo9M/kFXSzghwug=="
      },
      "System.Configuration.ConfigurationManager": {
        "type": "Transitive",
        "resolved": "9.0.13",
        "contentHash": "GbBrJq9S/gYpHzm7Pxx6Y5tDyfSfyxW6tlP5oiKJV38uf19Wp+GIIAnWfyL1zmNiz1+EjwVapw2WkBFvvqKQzg==",
        "dependencies": {
          "System.Security.Cryptography.ProtectedData": "9.0.13"
        }
      },
      "System.IdentityModel.Tokens.Jwt": {
        "type": "Transitive",
        "resolved": "8.16.0",
        "contentHash": "rrs2u7DRMXQG2yh0oVyF/vLwosfRv20Ld2iEpYcKwQWXHjfV+gFXNQsQ9p008kR9Ou4pxBs68Q6/9zC8Gi1wjg==",
        "dependencies": {
          "Microsoft.IdentityModel.JsonWebTokens": "8.16.0",
          "Microsoft.IdentityModel.Tokens": "8.16.0"
        }
      },
      "System.Security.Cryptography.Pkcs": {
        "type": "Transitive",
        "resolved": "9.0.13",
        "contentHash": "dxJhkuoaelvWy588wPXjShNks+ZMiSgXnN75/u+DPbER5PqKrLPDftE0BvGM7nDK/scQAVlD+gRXlCAAjWi58Q=="
      },
      "System.Security.Cryptography.ProtectedData": {
        "type": "Transitive",
        "resolved": "9.0.13",
        "contentHash": "t8S9IDpjJKsLpLkeBdW8cWtcPyYqrGu93Dej1RO6WwuL/lkFSqWlan3rMJfortqz1mRIh+sys2AFsSA6jWJ3Jg=="
      },
      "be.vlaanderen.basisregisters.commandhandling": {
        "type": "Project"
      },
      "Microsoft.EntityFrameworkCore": {
        "type": "CentralTransitive",
        "requested": "[10.0.8, )",
        "resolved": "10.0.8",
        "contentHash": "EJx+fIBMgBlgD+ublKCn+GTOJkw3UqV7xOjYWBRVdUYyIm8UfvAsmSOPFiIInsWTHyMEYUJ9gCJY1jwX+6UB7w==",
        "dependencies": {
          "Microsoft.EntityFrameworkCore.Abstractions": "10.0.8",
          "Microsoft.EntityFrameworkCore.Analyzers": "10.0.8"
        }
      }
    },
    "net10.0/linux-arm64": {
      "Microsoft.Data.SqlClient": {
        "type": "Direct",
        "requested": "[7.0.1, )",
        "resolved": "7.0.1",
        "contentHash": "9jZFXAJ2ThNYK7lhj2RhH7klXVNaWSvZpQncq3bPIOjmHBrdjwgeO4c8wucUVxQwFT8rAA13Z2F2jzoYR7ICDw==",
        "dependencies": {
          "Microsoft.Bcl.Cryptography": "9.0.13",
          "Microsoft.Data.SqlClient.Extensions.Abstractions": "1.0.0",
          "Microsoft.Data.SqlClient.Internal.Logging": "1.0.0",
          "Microsoft.Data.SqlClient.SNI.runtime": "6.0.2",
          "Microsoft.IdentityModel.JsonWebTokens": "8.16.0",
          "Microsoft.IdentityModel.Protocols.OpenIdConnect": "8.16.0",
          "Microsoft.SqlServer.Server": "1.0.0",
          "System.Configuration.ConfigurationManager": "9.0.13",
          "System.Security.Cryptography.Pkcs": "9.0.13"
        }
      },
      "Microsoft.Data.SqlClient.SNI.runtime": {
        "type": "Transitive",
        "resolved": "6.0.2",
        "contentHash": "f+pRODTWX7Y67jXO3T5S2dIPZ9qMJNySjlZT/TKmWVNWe19N8jcWmHaqHnnchaq3gxEKv1SWVY5EFzOD06l41w=="
      },
      "System.Security.Cryptography.Pkcs": {
        "type": "Transitive",
        "resolved": "9.0.13",
        "contentHash": "dxJhkuoaelvWy588wPXjShNks+ZMiSgXnN75/u+DPbER5PqKrLPDftE0BvGM7nDK/scQAVlD+gRXlCAAjWi58Q=="
      }
    },
    "net10.0/linux-x64": {
      "Microsoft.Data.SqlClient": {
        "type": "Direct",
        "requested": "[7.0.1, )",
        "resolved": "7.0.1",
        "contentHash": "9jZFXAJ2ThNYK7lhj2RhH7klXVNaWSvZpQncq3bPIOjmHBrdjwgeO4c8wucUVxQwFT8rAA13Z2F2jzoYR7ICDw==",
        "dependencies": {
          "Microsoft.Bcl.Cryptography": "9.0.13",
          "Microsoft.Data.SqlClient.Extensions.Abstractions": "1.0.0",
          "Microsoft.Data.SqlClient.Internal.Logging": "1.0.0",
          "Microsoft.Data.SqlClient.SNI.runtime": "6.0.2",
          "Microsoft.IdentityModel.JsonWebTokens": "8.16.0",
          "Microsoft.IdentityModel.Protocols.OpenIdConnect": "8.16.0",
          "Microsoft.SqlServer.Server": "1.0.0",
          "System.Configuration.ConfigurationManager": "9.0.13",
          "System.Security.Cryptography.Pkcs": "9.0.13"
        }
      },
      "Microsoft.Data.SqlClient.SNI.runtime": {
        "type": "Transitive",
        "resolved": "6.0.2",
        "contentHash": "f+pRODTWX7Y67jXO3T5S2dIPZ9qMJNySjlZT/TKmWVNWe19N8jcWmHaqHnnchaq3gxEKv1SWVY5EFzOD06l41w=="
      },
      "System.Security.Cryptography.Pkcs": {
        "type": "Transitive",
        "resolved": "9.0.13",
        "contentHash": "dxJhkuoaelvWy588wPXjShNks+ZMiSgXnN75/u+DPbER5PqKrLPDftE0BvGM7nDK/scQAVlD+gRXlCAAjWi58Q=="
      }
    },
    "net10.0/win-x64": {
      "Microsoft.Data.SqlClient": {
        "type": "Direct",
        "requested": "[7.0.1, )",
        "resolved": "7.0.1",
        "contentHash": "9jZFXAJ2ThNYK7lhj2RhH7klXVNaWSvZpQncq3bPIOjmHBrdjwgeO4c8wucUVxQwFT8rAA13Z2F2jzoYR7ICDw==",
        "dependencies": {
          "Microsoft.Bcl.Cryptography": "9.0.13",
          "Microsoft.Data.SqlClient.Extensions.Abstractions": "1.0.0",
          "Microsoft.Data.SqlClient.Internal.Logging": "1.0.0",
          "Microsoft.Data.SqlClient.SNI.runtime": "6.0.2",
          "Microsoft.IdentityModel.JsonWebTokens": "8.16.0",
          "Microsoft.IdentityModel.Protocols.OpenIdConnect": "8.16.0",
          "Microsoft.SqlServer.Server": "1.0.0",
          "System.Configuration.ConfigurationManager": "9.0.13",
          "System.Security.Cryptography.Pkcs": "9.0.13"
        }
      },
      "Microsoft.Data.SqlClient.SNI.runtime": {
        "type": "Transitive",
        "resolved": "6.0.2",
        "contentHash": "f+pRODTWX7Y67jXO3T5S2dIPZ9qMJNySjlZT/TKmWVNWe19N8jcWmHaqHnnchaq3gxEKv1SWVY5EFzOD06l41w=="
      },
      "System.Security.Cryptography.Pkcs": {
        "type": "Transitive",
        "resolved": "9.0.13",
        "contentHash": "dxJhkuoaelvWy588wPXjShNks+ZMiSgXnN75/u+DPbER5PqKrLPDftE0BvGM7nDK/scQAVlD+gRXlCAAjWi58Q=="
      }
    }
  }
}