{
  "version": 2,
  "dependencies": {
    ".NETStandard,Version=v2.1": {
      "Be.Vlaanderen.Basisregisters.EventHandling": {
        "type": "Direct",
        "requested": "[7.1.0, )",
        "resolved": "7.1.0",
        "contentHash": "iSvBdLox7XZQCtMScU8kF227nOTxDZkStKApIsoKPYMu/VWBcKJ0828y9MbmZ9x2eUAYbxSpPwoGEiCX9i4M9A==",
        "dependencies": {
          "Be.Vlaanderen.Basisregisters.Converters.TrimString": "5.1.0",
          "Newtonsoft.Json": "13.0.4",
          "NodaTime.Serialization.JsonNet": "3.2.1"
        }
      },
      "Be.Vlaanderen.Basisregisters.Generators.Guid.Deterministic": {
        "type": "Direct",
        "requested": "[5.1.0, )",
        "resolved": "5.1.0",
        "contentHash": "2WB1iVxqU35ULl7ATujoTlWNb4fCEv3CWytmfq1WqIrZvy5oLbfKmgKkTCAehQwZD4bIgQvPQQ4crifcQO3PSg=="
      },
      "SourceLink.Copy.PdbFiles": {
        "type": "Direct",
        "requested": "[2.8.3, )",
        "resolved": "2.8.3",
        "contentHash": "cxlw1QHd/J7lOtSZ45VZMOsF/YSOlwZy0fCkauo9Ib9vOv+zGzjm9q3D8qGyMII0Zz1GSmli/oxhmUNuYUpc1g=="
      },
      "SourceLink.Embed.AllSourceFiles": {
        "type": "Direct",
        "requested": "[2.8.3, )",
        "resolved": "2.8.3",
        "contentHash": "Hv77AfKNDqSUH6MSGW1ZwKWFJ/CNKOe4FD6lpJGNYdSSQeEEsE2KyPlG1IgzA8+CJG8lDQV2vLS4OljHtHohsw=="
      },
      "SqlStreamStore": {
        "type": "Direct",
        "requested": "[1.2.0, )",
        "resolved": "1.2.0",
        "contentHash": "AlHlvqhwSkC9MbhlUQRMTtgf4d6qk8xs0n1jDiiCM6cJlp8w/aGJxdI5/+dQwXWlN79FFZFc/vunkfheHmX/2g==",
        "dependencies": {
          "Microsoft.CSharp": "4.7.0"
        }
      },
      "Be.Vlaanderen.Basisregisters.Converters.TrimString": {
        "type": "Transitive",
        "resolved": "5.1.0",
        "contentHash": "wqxONDr0cPep5v+bS+Is8Xl7BzDxZ2mvm0CfWSN+dC7adndzieFepWIfyGyVrSpIfrvCvMx7YPbRQtT1xhHnMQ==",
        "dependencies": {
          "Newtonsoft.Json": "13.0.4"
        }
      },
      "NodaTime.Serialization.JsonNet": {
        "type": "Transitive",
        "resolved": "3.2.1",
        "contentHash": "/8eeaH/LNIcpIEiBTg/0M/hwsMis0cKVWPyLYnQhXrH2k+9zNrnsOin9Vym6OclSGGndOnNNa6EHUln4S70HKg==",
        "dependencies": {
          "Newtonsoft.Json": "13.0.3",
          "NodaTime": "[3.0.0, 4.0.0)"
        }
      },
      "System.Memory": {
        "type": "Transitive",
        "resolved": "4.6.3",
        "contentHash": "qdcDOgnFZY40+Q9876JUHnlHu7bosOHX8XISRoH94fwk6hgaeQGSgfZd8srWRZNt5bV9ZW2TljcegDNxsf+96A=="
      },
      "System.Runtime.CompilerServices.Unsafe": {
        "type": "Transitive",
        "resolved": "6.1.2",
        "contentHash": "2hBr6zdbIBTDE3EhK7NSVNdX58uTK6iHW/P/Axmm9sl1xoGSLqDvMtpecn226TNwHByFokYwJmt/aQQNlO5CRw=="
      },
      "be.vlaanderen.basisregisters.aggregatesource": {
        "type": "Project",
        "dependencies": {
          "Be.Vlaanderen.Basisregisters.Utilities.HashCodeCalculator": "[5.1.0, )",
          "Be.Vlaanderen.Basisregisters.Utilities.HexByteConvertor": "[5.1.0, )",
          "Be.Vlaanderen.Basisregisters.Utilities.ToStringBuilder": "[4.1.0, )",
          "Newtonsoft.Json": "[13.0.4, )",
          "NodaTime": "[3.3.2, )",
          "System.Collections.Immutable": "[10.0.8, )"
        }
      },
      "be.vlaanderen.basisregisters.commandhandling": {
        "type": "Project",
        "dependencies": {
          "System.Collections.Immutable": "[10.0.8, )"
        }
      },
      "Be.Vlaanderen.Basisregisters.Utilities.HashCodeCalculator": {
        "type": "CentralTransitive",
        "requested": "[5.1.0, )",
        "resolved": "5.1.0",
        "contentHash": "Ty+Cepnjy0L96peVFpi8nJWhF2qnDpVreNzTjTVmLiTSlCIsTKRnAQYNo8fqPa2ASu4F5E2lsMO421zek5pNmg=="
      },
      "Be.Vlaanderen.Basisregisters.Utilities.HexByteConvertor": {
        "type": "CentralTransitive",
        "requested": "[5.1.0, )",
        "resolved": "5.1.0",
        "contentHash": "ASn875qbPXLUt0oJ368bl2JWbX9gXf7KwBxdQKlv78GQAbcusQonOlcAj8u9JZPUI73QoX8WwU0lh+aI9VZvxw=="
      },
      "Be.Vlaanderen.Basisregisters.Utilities.ToStringBuilder": {
        "type": "CentralTransitive",
        "requested": "[4.1.0, )",
        "resolved": "4.1.0",
        "contentHash": "3XxDslyPVdZ43RCahDBM+K7xaCgvfbh2CYsgCm/vF6D5zAyBpJUnePl8M2Ebw/Xtiv7kzM9V2b8nmO+Ac9twxQ=="
      },
      "Microsoft.CSharp": {
        "type": "CentralTransitive",
        "requested": "[4.7.0, )",
        "resolved": "4.7.0",
        "contentHash": "pTj+D3uJWyN3My70i2Hqo+OXixq3Os2D1nJ2x92FFo6sk8fYS1m1WLNTs0Dc1uPaViH0YvEEwvzddQ7y4rhXmA=="
      },
      "Newtonsoft.Json": {
        "type": "CentralTransitive",
        "requested": "[13.0.4, )",
        "resolved": "13.0.4",
        "contentHash": "pdgNNMai3zv51W5aq268sujXUyx7SNdE2bj1wZcWjAQrKMFZV260lbqYop1d2GM67JI1huLRwxo9ZqnfF/lC6A=="
      },
      "NodaTime": {
        "type": "CentralTransitive",
        "requested": "[3.3.2, )",
        "resolved": "3.3.2",
        "contentHash": "8hI5b1ENTKQCaPyU6YHpYiMwj5aJKZ4Mnv0bLbhk65Dd44gQsXenUohMzyiIphANa8LdW6vcOvpY/l1urvx4dw==",
        "dependencies": {
          "System.Runtime.CompilerServices.Unsafe": "6.1.2"
        }
      },
      "System.Collections.Immutable": {
        "type": "CentralTransitive",
        "requested": "[10.0.8, )",
        "resolved": "10.0.8",
        "contentHash": "rvMGYko6bcE/ZTpj1Q/EM22rcZNiQyjH+71capjjfmqG+DDncVE4kSaE5ysCv2vEFIHt8+zALWYXgIETFvcFzw==",
        "dependencies": {
          "System.Memory": "4.6.3",
          "System.Runtime.CompilerServices.Unsafe": "6.1.2"
        }
      }
    }
  }
}